{
  "name": "fis-command-install-npm",
  "version": "0.0.5",
  "lockfileVersion": 1,
  "requires": true,
  "dependencies": {
    "adm-zip": {
      "version": "0.4.4",
      "resolved": "http://pnpm.baidu.com/adm-zip/-/adm-zip-0.4.4.tgz",
      "integrity": "sha1-ph7VrmkFw66lizplfSUDMJEFJzY="
    },
    "archiver": {
      "version": "0.4.9",
      "resolved": "http://pnpm.baidu.com/archiver/-/archiver-0.4.9.tgz",
      "integrity": "sha1-fIpcjxhkl7QwaYhVsagnr4HOlPE=",
      "requires": {
        "iconv-lite": "0.2.11",
        "readable-stream": "1.0.34"
      },
      "dependencies": {
        "iconv-lite": {
          "version": "0.2.11",
          "resolved": "http://pnpm.baidu.com/iconv-lite/-/iconv-lite-0.2.11.tgz",
          "integrity": "sha1-HOYKOleGSiktEyH/RgnKS7llrcg="
        }
      }
    },
    "asn1": {
      "version": "0.1.11",
      "resolved": "http://pnpm.baidu.com/asn1/-/asn1-0.1.11.tgz",
      "integrity": "sha1-VZvhg3bQik7E2+gId9J4GGObLfc="
    },
    "assert-plus": {
      "version": "0.1.5",
      "resolved": "http://pnpm.baidu.com/assert-plus/-/assert-plus-0.1.5.tgz",
      "integrity": "sha1-7nQAlBMALYTOxyGcasgRgS5yMWA="
    },
    "async": {
      "version": "0.2.9",
      "resolved": "http://pnpm.baidu.com/async/-/async-0.2.9.tgz",
      "integrity": "sha1-32MGD789Myhqdqr21Vophtn/hhk="
    },
    "aws-sign": {
      "version": "0.3.0",
      "resolved": "http://pnpm.baidu.com/aws-sign/-/aws-sign-0.3.0.tgz",
      "integrity": "sha1-PYHKabR0seFlGHKLUcJP8Lvtxuk="
    },
    "balanced-match": {
      "version": "1.0.0",
      "resolved": "http://pnpm.baidu.com/balanced-match/-/balanced-match-1.0.0.tgz",
      "integrity": "sha1-ibTRmasr7kneFk6gK4nORi1xt2c="
    },
    "bl": {
      "version": "0.9.5",
      "resolved": "http://pnpm.baidu.com/bl/-/bl-0.9.5.tgz",
      "integrity": "sha1-wGt5evCF6gC8Unr8jvzxHeIjIFQ=",
      "requires": {
        "readable-stream": "1.0.34"
      }
    },
    "block-stream": {
      "version": "0.0.9",
      "resolved": "http://pnpm.baidu.com/block-stream/-/block-stream-0.0.9.tgz",
      "integrity": "sha1-E+v+d4oDIFz+A3UUgeu0szAMEmo=",
      "requires": {
        "inherits": "2.0.3"
      }
    },
    "bluebird": {
      "version": "2.11.0",
      "resolved": "http://pnpm.baidu.com/bluebird/-/bluebird-2.11.0.tgz",
      "integrity": "sha1-U0uQM8AiyVecVro7Plpcqvu2UOE="
    },
    "boom": {
      "version": "0.4.2",
      "resolved": "http://pnpm.baidu.com/boom/-/boom-0.4.2.tgz",
      "integrity": "sha1-emNune1O/O+xnO9JR6PGffrukRs=",
      "requires": {
        "hoek": "0.9.1"
      }
    },
    "brace-expansion": {
      "version": "1.1.8",
      "resolved": "http://pnpm.baidu.com/brace-expansion/-/brace-expansion-1.1.8.tgz",
      "integrity": "sha1-wHshHHyVLsH479Uad+8NHTmQopI=",
      "requires": {
        "balanced-match": "1.0.0",
        "concat-map": "0.0.1"
      }
    },
    "colors": {
      "version": "0.6.2",
      "resolved": "http://pnpm.baidu.com/colors/-/colors-0.6.2.tgz",
      "integrity": "sha1-JCP+ZnisDF2uiFLl0OW+CMmXq8w="
    },
    "combined-stream": {
      "version": "0.0.7",
      "resolved": "http://pnpm.baidu.com/combined-stream/-/combined-stream-0.0.7.tgz",
      "integrity": "sha1-ATfmV7qlp1QcV6w3rF/AfXO03B8=",
      "requires": {
        "delayed-stream": "0.0.5"
      }
    },
    "commander": {
      "version": "2.1.0",
      "resolved": "http://pnpm.baidu.com/commander/-/commander-2.1.0.tgz",
      "integrity": "sha1-0SG7roYNmZKj1Re6lvVliOR8Z4E="
    },
    "concat-map": {
      "version": "0.0.1",
      "resolved": "http://pnpm.baidu.com/concat-map/-/concat-map-0.0.1.tgz",
      "integrity": "sha1-2Klr13/Wjfd5OnMDajug1UBdR3s="
    },
    "cookie-jar": {
      "version": "0.3.0",
      "resolved": "http://pnpm.baidu.com/cookie-jar/-/cookie-jar-0.3.0.tgz",
      "integrity": "sha1-vJon1OK5fhhs1XyeIGPLmfpozMw="
    },
    "core-util-is": {
      "version": "1.0.2",
      "resolved": "http://pnpm.baidu.com/core-util-is/-/core-util-is-1.0.2.tgz",
      "integrity": "sha1-tf1UIgqivFq1eqtxQMlAdUUDwac="
    },
    "cryptiles": {
      "version": "0.2.2",
      "resolved": "http://pnpm.baidu.com/cryptiles/-/cryptiles-0.2.2.tgz",
      "integrity": "sha1-7ZH/HxetE9N0gohZT4pIoNJvMlw=",
      "requires": {
        "boom": "0.4.2"
      }
    },
    "ctype": {
      "version": "0.5.3",
      "resolved": "http://pnpm.baidu.com/ctype/-/ctype-0.5.3.tgz",
      "integrity": "sha1-gsGMJGH3QRTvFsE1IkrQuRRMoS8="
    },
    "cycle": {
      "version": "1.0.3",
      "resolved": "http://pnpm.baidu.com/cycle/-/cycle-1.0.3.tgz",
      "integrity": "sha1-IegLK+hYD5i0aPN5QwZisEbDStI="
    },
    "debug": {
      "version": "2.1.0",
      "resolved": "http://pnpm.baidu.com/debug/-/debug-2.1.0.tgz",
      "integrity": "sha1-M6uRVlnYwsyKQUQ9lNbr03aX7SE=",
      "requires": {
        "ms": "0.6.2"
      }
    },
    "deep-equal": {
      "version": "1.0.1",
      "resolved": "http://pnpm.baidu.com/deep-equal/-/deep-equal-1.0.1.tgz",
      "integrity": "sha1-9dJgKStmDghO/0zbyfCK0yR0SLU="
    },
    "delayed-stream": {
      "version": "0.0.5",
      "resolved": "http://pnpm.baidu.com/delayed-stream/-/delayed-stream-0.0.5.tgz",
      "integrity": "sha1-1LH0OpPoKW3+AmlPRoC8N6MTxz8="
    },
    "eyes": {
      "version": "0.1.8",
      "resolved": "http://pnpm.baidu.com/eyes/-/eyes-0.1.8.tgz",
      "integrity": "sha1-Ys8SAjTGg3hdkCNIqADvPgzCC8A="
    },
    "findup": {
      "version": "0.1.5",
      "resolved": "http://pnpm.baidu.com/findup/-/findup-0.1.5.tgz",
      "integrity": "sha1-itkpozk7rGJ5V6fl3kYjsGsOLOs=",
      "requires": {
        "colors": "0.6.2",
        "commander": "2.1.0"
      }
    },
    "fis-repo-client": {
      "version": "0.1.14",
      "resolved": "http://pnpm.baidu.com/fis-repo-client/-/fis-repo-client-0.1.14.tgz",
      "integrity": "sha1-+TM0ViqX6yQnvqc5EB+Ns9I9hVM=",
      "requires": {
        "adm-zip": "0.4.3",
        "archiver": "0.4.9",
        "async": "0.2.9",
        "debug": "0.8.0",
        "form-data": "0.1.4",
        "iconv-lite": "0.2.11",
        "ignore": "2.2.7",
        "ini": "1.0.0",
        "js-base64": "2.1.2",
        "q": "1.0.1",
        "request": "2.27.0"
      },
      "dependencies": {
        "adm-zip": {
          "version": "0.4.3",
          "resolved": "http://pnpm.baidu.com/adm-zip/-/adm-zip-0.4.3.tgz",
          "integrity": "sha1-KNajgJq7eEWg/6OPn/9FXCxvb2w="
        },
        "debug": {
          "version": "0.8.0",
          "resolved": "http://pnpm.baidu.com/debug/-/debug-0.8.0.tgz",
          "integrity": "sha1-BUHqkfDlA/3wxe7UGKMlUCNJZ/A="
        },
        "iconv-lite": {
          "version": "0.2.11",
          "resolved": "http://pnpm.baidu.com/iconv-lite/-/iconv-lite-0.2.11.tgz",
          "integrity": "sha1-HOYKOleGSiktEyH/RgnKS7llrcg="
        },
        "request": {
          "version": "2.27.0",
          "resolved": "http://pnpm.baidu.com/request/-/request-2.27.0.tgz",
          "integrity": "sha1-37GiJN06Wput5DNwElA9cQ5Thmg=",
          "requires": {
            "aws-sign": "0.3.0",
            "cookie-jar": "0.3.0",
            "forever-agent": "0.5.2",
            "form-data": "0.1.4",
            "hawk": "1.0.0",
            "http-signature": "0.10.1",
            "json-stringify-safe": "5.0.1",
            "mime": "1.2.11",
            "node-uuid": "1.4.8",
            "oauth-sign": "0.3.0",
            "qs": "0.6.6",
            "tunnel-agent": "0.3.0"
          }
        }
      }
    },
    "fis-scaffold-kernel": {
      "version": "0.2.0",
      "resolved": "http://pnpm.baidu.com/fis-scaffold-kernel/-/fis-scaffold-kernel-0.2.0.tgz",
      "integrity": "sha1-tVactpBo8kPR7YVhlm6J90vpN+g=",
      "requires": {
        "adm-zip": "0.4.4",
        "debug": "2.1.0",
        "fis-repo-client": "0.1.14",
        "glob.js": "0.1.0",
        "iconv-lite": "0.4.4",
        "is-utf8": "0.2.0",
        "lodash": "4.12.0",
        "prompt": "0.2.14",
        "tar": "2.2.1"
      }
    },
    "forever-agent": {
      "version": "0.5.2",
      "resolved": "http://pnpm.baidu.com/forever-agent/-/forever-agent-0.5.2.tgz",
      "integrity": "sha1-bQ4JxJIflKJ/Y9O0nF/v8epMUTA="
    },
    "form-data": {
      "version": "0.1.4",
      "resolved": "http://pnpm.baidu.com/form-data/-/form-data-0.1.4.tgz",
      "integrity": "sha1-kavXiKupcCsaq/qLwBAxoqyeOxI=",
      "requires": {
        "async": "0.9.2",
        "combined-stream": "0.0.7",
        "mime": "1.2.11"
      },
      "dependencies": {
        "async": {
          "version": "0.9.2",
          "resolved": "http://pnpm.baidu.com/async/-/async-0.9.2.tgz",
          "integrity": "sha1-rqdNXmHB+JlhO/ZL2mbUx48v0X0="
        }
      }
    },
    "fs.realpath": {
      "version": "1.0.0",
      "resolved": "http://pnpm.baidu.com/fs.realpath/-/fs.realpath-1.0.0.tgz",
      "integrity": "sha1-FQStJSMVjKpA20onh8sBQRmU6k8="
    },
    "fstream": {
      "version": "1.0.11",
      "resolved": "http://pnpm.baidu.com/fstream/-/fstream-1.0.11.tgz",
      "integrity": "sha1-XB+x8RdHcRTwYyoOtLcbPLD9MXE=",
      "requires": {
        "graceful-fs": "4.1.11",
        "inherits": "2.0.3",
        "mkdirp": "0.5.1",
        "rimraf": "2.6.2"
      }
    },
    "glob": {
      "version": "7.1.2",
      "resolved": "http://pnpm.baidu.com/glob/-/glob-7.1.2.tgz",
      "integrity": "sha512-MJTUg1kjuLeQCJ+ccE4Vpa6kKVXkPYJ2mOCQyUuKLcLQsdrMCpBPUi8qVE6+YuaJkozeA9NusTAw3hLr8Xe5EQ==",
      "requires": {
        "fs.realpath": "1.0.0",
        "inflight": "1.0.6",
        "inherits": "2.0.3",
        "minimatch": "3.0.4",
        "once": "1.4.0",
        "path-is-absolute": "1.0.1"
      }
    },
    "glob.js": {
      "version": "0.1.0",
      "resolved": "http://pnpm.baidu.com/glob.js/-/glob.js-0.1.0.tgz",
      "integrity": "sha1-QnBvwNiodQsbIT82Sk0Y4JF9tsI="
    },
    "graceful-fs": {
      "version": "4.1.11",
      "resolved": "http://pnpm.baidu.com/graceful-fs/-/graceful-fs-4.1.11.tgz",
      "integrity": "sha1-Dovf5NHduIVNZOBOp8AOKgJuVlg="
    },
    "hawk": {
      "version": "1.0.0",
      "resolved": "http://pnpm.baidu.com/hawk/-/hawk-1.0.0.tgz",
      "integrity": "sha1-uQuxaYByhUEdp//LjdJZhQLTtS0=",
      "requires": {
        "boom": "0.4.2",
        "cryptiles": "0.2.2",
        "hoek": "0.9.1",
        "sntp": "0.2.4"
      }
    },
    "hoek": {
      "version": "0.9.1",
      "resolved": "http://pnpm.baidu.com/hoek/-/hoek-0.9.1.tgz",
      "integrity": "sha1-PTIkYrrfB3Fup+uFuviAec3c5QU="
    },
    "http-signature": {
      "version": "0.10.1",
      "resolved": "http://pnpm.baidu.com/http-signature/-/http-signature-0.10.1.tgz",
      "integrity": "sha1-T72sEyVZqoMjEh5UB3nAoBKyfmY=",
      "requires": {
        "asn1": "0.1.11",
        "assert-plus": "0.1.5",
        "ctype": "0.5.3"
      }
    },
    "i": {
      "version": "0.3.6",
      "resolved": "http://pnpm.baidu.com/i/-/i-0.3.6.tgz",
      "integrity": "sha1-2WyScyB28HJxG2sQ/X1PZa2O4j0="
    },
    "iconv-lite": {
      "version": "0.4.4",
      "resolved": "http://pnpm.baidu.com/iconv-lite/-/iconv-lite-0.4.4.tgz",
      "integrity": "sha1-6V8uQdsHNfwhZS94J6XuMuY8g6g="
    },
    "ignore": {
      "version": "2.2.7",
      "resolved": "http://pnpm.baidu.com/ignore/-/ignore-2.2.7.tgz",
      "integrity": "sha1-gfQkXbQ58XV9haec0GxnXtZa7rc="
    },
    "inflight": {
      "version": "1.0.6",
      "resolved": "http://pnpm.baidu.com/inflight/-/inflight-1.0.6.tgz",
      "integrity": "sha1-Sb1jMdfQLQwJvJEKEHW6gWW1bfk=",
      "requires": {
        "once": "1.4.0",
        "wrappy": "1.0.2"
      }
    },
    "inherits": {
      "version": "2.0.3",
      "resolved": "http://pnpm.baidu.com/inherits/-/inherits-2.0.3.tgz",
      "integrity": "sha1-Yzwsg+PaQqUC9SRmAiSA9CCCYd4="
    },
    "ini": {
      "version": "1.0.0",
      "resolved": "http://pnpm.baidu.com/ini/-/ini-1.0.0.tgz",
      "integrity": "sha1-oXFxpPyRSeJseVHijbRLH/q0BnY="
    },
    "is-utf8": {
      "version": "0.2.0",
      "resolved": "http://pnpm.baidu.com/is-utf8/-/is-utf8-0.2.0.tgz",
      "integrity": "sha1-uKpUElrmJr/k4765ZfFqicWKETc="
    },
    "isarray": {
      "version": "0.0.1",
      "resolved": "http://pnpm.baidu.com/isarray/-/isarray-0.0.1.tgz",
      "integrity": "sha1-ihis/Kmo9Bd+Cav8YDiTmwXR7t8="
    },
    "isstream": {
      "version": "0.1.2",
      "resolved": "http://pnpm.baidu.com/isstream/-/isstream-0.1.2.tgz",
      "integrity": "sha1-R+Y/evVa+m+S4VAOaQ64uFKcCZo="
    },
    "js-base64": {
      "version": "2.1.2",
      "resolved": "http://pnpm.baidu.com/js-base64/-/js-base64-2.1.2.tgz",
      "integrity": "sha1-tlq/n6NAiwfm9xZo2JKpp10O//4="
    },
    "json-stringify-safe": {
      "version": "5.0.1",
      "resolved": "http://pnpm.baidu.com/json-stringify-safe/-/json-stringify-safe-5.0.1.tgz",
      "integrity": "sha1-Epai1Y/UXxmg9s4B1lcB4sc1tus="
    },
    "lodash": {
      "version": "4.12.0",
      "resolved": "http://pnpm.baidu.com/lodash/-/lodash-4.12.0.tgz",
      "integrity": "sha1-K9bcRqBA9Z5obJcu0h2T3FkFMlg="
    },
    "mime": {
      "version": "1.2.11",
      "resolved": "http://pnpm.baidu.com/mime/-/mime-1.2.11.tgz",
      "integrity": "sha1-WCA+7Ybjpe8XrtK32evUfwpg3RA="
    },
    "minimatch": {
      "version": "3.0.4",
      "resolved": "http://pnpm.baidu.com/minimatch/-/minimatch-3.0.4.tgz",
      "integrity": "sha512-yJHVQEhyqPLUTgt9B83PXu6W3rx4MvvHvSUvToogpwoGDOUQ+yDrR0HRot+yOCdCO7u4hX3pWft6kWBBcqh0UA==",
      "requires": {
        "brace-expansion": "1.1.8"
      }
    },
    "minimist": {
      "version": "0.0.8",
      "resolved": "http://pnpm.baidu.com/minimist/-/minimist-0.0.8.tgz",
      "integrity": "sha1-hX/Kv8M5fSYluCKCYuhqp6ARsF0="
    },
    "mkdirp": {
      "version": "0.5.1",
      "resolved": "http://pnpm.baidu.com/mkdirp/-/mkdirp-0.5.1.tgz",
      "integrity": "sha1-MAV0OOrGz3+MR2fzhkjWaX11yQM=",
      "requires": {
        "minimist": "0.0.8"
      }
    },
    "ms": {
      "version": "0.6.2",
      "resolved": "http://pnpm.baidu.com/ms/-/ms-0.6.2.tgz",
      "integrity": "sha1-2JwhJMb9wTU9Zai3e/GqxLGTcIw="
    },
    "mute-stream": {
      "version": "0.0.7",
      "resolved": "http://pnpm.baidu.com/mute-stream/-/mute-stream-0.0.7.tgz",
      "integrity": "sha1-MHXOk7whuPq0PhvE2n6BFe0ee6s="
    },
    "ncp": {
      "version": "0.4.2",
      "resolved": "http://pnpm.baidu.com/ncp/-/ncp-0.4.2.tgz",
      "integrity": "sha1-q8xsvT7C7Spyn/bnwfqPAXhKhXQ="
    },
    "node-uuid": {
      "version": "1.4.8",
      "resolved": "http://pnpm.baidu.com/node-uuid/-/node-uuid-1.4.8.tgz",
      "integrity": "sha1-sEDrCSOWivq/jTL7HxfxFn/auQc="
    },
    "oauth-sign": {
      "version": "0.3.0",
      "resolved": "http://pnpm.baidu.com/oauth-sign/-/oauth-sign-0.3.0.tgz",
      "integrity": "sha1-y1QPk7srIqfVlBaRoojWDo6pOG4="
    },
    "once": {
      "version": "1.4.0",
      "resolved": "http://pnpm.baidu.com/once/-/once-1.4.0.tgz",
      "integrity": "sha1-WDsap3WWHUsROsF9nFC6753Xa9E=",
      "requires": {
        "wrappy": "1.0.2"
      }
    },
    "path-is-absolute": {
      "version": "1.0.1",
      "resolved": "http://pnpm.baidu.com/path-is-absolute/-/path-is-absolute-1.0.1.tgz",
      "integrity": "sha1-F0uSaHNVNP+8es5r9TpanhtcX18="
    },
    "pkginfo": {
      "version": "0.4.1",
      "resolved": "http://pnpm.baidu.com/pkginfo/-/pkginfo-0.4.1.tgz",
      "integrity": "sha1-tUGO8EOd5UJfxJlQQtztFPsqhP8="
    },
    "progress": {
      "version": "1.1.8",
      "resolved": "http://pnpm.baidu.com/progress/-/progress-1.1.8.tgz",
      "integrity": "sha1-4mDHj2Fhzdmw5WzD4Khd4Xx6V74="
    },
    "prompt": {
      "version": "0.2.14",
      "resolved": "http://pnpm.baidu.com/prompt/-/prompt-0.2.14.tgz",
      "integrity": "sha1-V3VPZPVD/XsIRXB8gY7OYY8F/9w=",
      "requires": {
        "pkginfo": "0.4.1",
        "read": "1.0.7",
        "revalidator": "0.1.8",
        "utile": "0.2.1",
        "winston": "0.8.3"
      }
    },
    "punycode": {
      "version": "1.4.1",
      "resolved": "http://pnpm.baidu.com/punycode/-/punycode-1.4.1.tgz",
      "integrity": "sha1-wNWmOycYgArY4esPpSachN1BhF4="
    },
    "q": {
      "version": "1.0.1",
      "resolved": "http://pnpm.baidu.com/q/-/q-1.0.1.tgz",
      "integrity": "sha1-EYcq7t7okmgRCxCnGESP+xARKhQ="
    },
    "qs": {
      "version": "0.6.6",
      "resolved": "http://pnpm.baidu.com/qs/-/qs-0.6.6.tgz",
      "integrity": "sha1-bgFQmP9RlouKPIGQAdXyyJvEsQc="
    },
    "read": {
      "version": "1.0.7",
      "resolved": "http://pnpm.baidu.com/read/-/read-1.0.7.tgz",
      "integrity": "sha1-s9oZvQUkMal2cdRKQmNK33ELQMQ=",
      "requires": {
        "mute-stream": "0.0.7"
      }
    },
    "readable-stream": {
      "version": "1.0.34",
      "resolved": "http://pnpm.baidu.com/readable-stream/-/readable-stream-1.0.34.tgz",
      "integrity": "sha1-Elgg40vIQtLyqq+v5MKRbuMsFXw=",
      "requires": {
        "core-util-is": "1.0.2",
        "inherits": "2.0.3",
        "isarray": "0.0.1",
        "string_decoder": "0.10.31"
      }
    },
    "request": {
      "version": "2.48.0",
      "resolved": "http://pnpm.baidu.com/request/-/request-2.48.0.tgz",
      "integrity": "sha1-OuLgkclpgoLVig5pieziY48PHyg=",
      "requires": {
        "aws-sign2": "0.5.0",
        "bl": "0.9.5",
        "caseless": "0.7.0",
        "combined-stream": "0.0.7",
        "forever-agent": "0.5.2",
        "form-data": "0.1.4",
        "hawk": "1.1.1",
        "http-signature": "0.10.1",
        "json-stringify-safe": "5.0.1",
        "mime-types": "1.0.2",
        "node-uuid": "1.4.8",
        "oauth-sign": "0.5.0",
        "qs": "2.3.3",
        "stringstream": "0.0.5",
        "tough-cookie": "2.3.3",
        "tunnel-agent": "0.4.3"
      },
      "dependencies": {
        "aws-sign2": {
          "version": "0.5.0",
          "resolved": "http://pnpm.baidu.com/aws-sign2/-/aws-sign2-0.5.0.tgz",
          "integrity": "sha1-xXED96F/wDfwLXwuZLYC6iI/fWM="
        },
        "caseless": {
          "version": "0.7.0",
          "resolved": "http://pnpm.baidu.com/caseless/-/caseless-0.7.0.tgz",
          "integrity": "sha1-y9cFrmIpFYuwvJcb99egS9vVH/g="
        },
        "hawk": {
          "version": "1.1.1",
          "resolved": "http://pnpm.baidu.com/hawk/-/hawk-1.1.1.tgz",
          "integrity": "sha1-h81JH5tG5OKurKM1QWdmiF0tHtk=",
          "requires": {
            "boom": "0.4.2",
            "cryptiles": "0.2.2",
            "hoek": "0.9.1",
            "sntp": "0.2.4"
          }
        },
        "mime-types": {
          "version": "1.0.2",
          "resolved": "http://pnpm.baidu.com/mime-types/-/mime-types-1.0.2.tgz",
          "integrity": "sha1-mVrhOSq4r/y/yyZB3QVOlDwNXc4="
        },
        "oauth-sign": {
          "version": "0.5.0",
          "resolved": "http://pnpm.baidu.com/oauth-sign/-/oauth-sign-0.5.0.tgz",
          "integrity": "sha1-12f1FpMlYg6rLgh+8MRy53PbZGE="
        },
        "qs": {
          "version": "2.3.3",
          "resolved": "http://pnpm.baidu.com/qs/-/qs-2.3.3.tgz",
          "integrity": "sha1-6eha2+ddoLvkyOBHaghikPhjtAQ="
        },
        "tunnel-agent": {
          "version": "0.4.3",
          "resolved": "http://pnpm.baidu.com/tunnel-agent/-/tunnel-agent-0.4.3.tgz",
          "integrity": "sha1-Y3PbdpCf5XDgjXNYM2Xtgop07us="
        }
      }
    },
    "revalidator": {
      "version": "0.1.8",
      "resolved": "http://pnpm.baidu.com/revalidator/-/revalidator-0.1.8.tgz",
      "integrity": "sha1-/s5hv6DBtSoga9axgZgYS91SOjs="
    },
    "rimraf": {
      "version": "2.6.2",
      "resolved": "http://pnpm.baidu.com/rimraf/-/rimraf-2.6.2.tgz",
      "integrity": "sha512-lreewLK/BlghmxtfH36YYVg1i8IAce4TI7oao75I1g245+6BctqTVQiBP3YUJ9C6DQOXJmkYR9X9fCLtCOJc5w==",
      "requires": {
        "glob": "7.1.2"
      }
    },
    "semver": {
      "version": "4.3.6",
      "resolved": "http://pnpm.baidu.com/semver/-/semver-4.3.6.tgz",
      "integrity": "sha1-MAvG4OhjdPe6YQaLWx7NV/xlMto="
    },
    "sntp": {
      "version": "0.2.4",
      "resolved": "http://pnpm.baidu.com/sntp/-/sntp-0.2.4.tgz",
      "integrity": "sha1-+4hfGLDzqtGJ+CSGJTa87ux1CQA=",
      "requires": {
        "hoek": "0.9.1"
      }
    },
    "stack-trace": {
      "version": "0.0.10",
      "resolved": "http://pnpm.baidu.com/stack-trace/-/stack-trace-0.0.10.tgz",
      "integrity": "sha1-VHxws0fo0ytOEI6hoqFZ5f3eGcA="
    },
    "string_decoder": {
      "version": "0.10.31",
      "resolved": "http://pnpm.baidu.com/string_decoder/-/string_decoder-0.10.31.tgz",
      "integrity": "sha1-YuIDvEF2bGwoyfyEMB2rHFMQ+pQ="
    },
    "stringstream": {
      "version": "0.0.5",
      "resolved": "http://pnpm.baidu.com/stringstream/-/stringstream-0.0.5.tgz",
      "integrity": "sha1-TkhM1N5aC7vuGORjB3EKioFiGHg="
    },
    "tar": {
      "version": "2.2.1",
      "resolved": "http://pnpm.baidu.com/tar/-/tar-2.2.1.tgz",
      "integrity": "sha1-jk0qJWwOIYXGsYrWlK7JaLg8sdE=",
      "requires": {
        "block-stream": "0.0.9",
        "fstream": "1.0.11",
        "inherits": "2.0.3"
      }
    },
    "tough-cookie": {
      "version": "2.3.3",
      "resolved": "http://pnpm.baidu.com/tough-cookie/-/tough-cookie-2.3.3.tgz",
      "integrity": "sha1-C2GKVWW23qkL80JdBNVe3EdadWE=",
      "requires": {
        "punycode": "1.4.1"
      }
    },
    "tunnel-agent": {
      "version": "0.3.0",
      "resolved": "http://pnpm.baidu.com/tunnel-agent/-/tunnel-agent-0.3.0.tgz",
      "integrity": "sha1-rWgbaPUyGtKCfEz7G31d8s/pQu4="
    },
    "utile": {
      "version": "0.2.1",
      "resolved": "http://pnpm.baidu.com/utile/-/utile-0.2.1.tgz",
      "integrity": "sha1-kwyI6ZCY1iIINMNWy9mncFItkNc=",
      "requires": {
        "async": "0.2.9",
        "deep-equal": "1.0.1",
        "i": "0.3.6",
        "mkdirp": "0.5.1",
        "ncp": "0.4.2",
        "rimraf": "2.6.2"
      }
    },
    "winston": {
      "version": "0.8.3",
      "resolved": "http://pnpm.baidu.com/winston/-/winston-0.8.3.tgz",
      "integrity": "sha1-ZLar9M0Brcrv1QCTk7HY6L7BnbA=",
      "requires": {
        "async": "0.2.9",
        "colors": "0.6.2",
        "cycle": "1.0.3",
        "eyes": "0.1.8",
        "isstream": "0.1.2",
        "pkginfo": "0.3.1",
        "stack-trace": "0.0.10"
      },
      "dependencies": {
        "pkginfo": {
          "version": "0.3.1",
          "resolved": "http://pnpm.baidu.com/pkginfo/-/pkginfo-0.3.1.tgz",
          "integrity": "sha1-Wyn2qB9wcXFC4J52W76rl7T4HiE="
        }
      }
    },
    "wrappy": {
      "version": "1.0.2",
      "resolved": "http://pnpm.baidu.com/wrappy/-/wrappy-1.0.2.tgz",
      "integrity": "sha1-tSQ9jz7BqjXxNkYFvA0QNuMKtp8="
    }
  }
}
